{
  "name": "WME-SZ-LAYER-TOGGLE",
  "lockfileVersion": 3,
  "requires": true,
  "packages": {
    "": {
      "devDependencies": {
        "toastr": "^2.1.4",
        "wme-sdk-typings": "https://web-assets.waze.com/wme_sdk_docs/production/latest/wme-sdk-typings.tgz"
      }
    },
    "node_modules/@types/geojson": {
      "version": "7946.0.16",
      "resolved": "https://registry.npmjs.org/@types/geojson/-/geojson-7946.0.16.tgz",
      "integrity": "sha512-6C8nqWur3j98U6+lXDfTUWIfgvZU+EumvpHKcYjujKH7woYyLj2sUmff0tRhrqM7BohUw7Pz3ZB1jj2gW9Fvmg==",
      "dev": true,
      "license": "MIT",
      "peer": true
    },
    "node_modules/jquery": {
      "version": "4.0.0",
      "resolved": "https://registry.npmjs.org/jquery/-/jquery-4.0.0.tgz",
      "integrity": "sha512-TXCHVR3Lb6TZdtw1l3RTLf8RBWVGexdxL6AC8/e0xZKEpBflBsjh9/8LXw+dkNFuOyW9B7iB3O1sP7hS0Kiacg==",
      "dev": true,
      "license": "MIT"
    },
    "node_modules/toastr": {
      "version": "2.1.4",
      "resolved": "https://registry.npmjs.org/toastr/-/toastr-2.1.4.tgz",
      "integrity": "sha512-LIy77F5n+sz4tefMmFOntcJ6HL0Fv3k1TDnNmFZ0bU/GcvIIfy6eG2v7zQmMiYgaalAiUv75ttFrPn5s0gyqlA==",
      "dev": true,
      "dependencies": {
        "jquery": ">=1.12.0"
      }
    },
    "node_modules/wme-sdk-typings": {
      "version": "v2.340-10-gde2621a679",
      "resolved": "https://web-assets.waze.com/wme_sdk_docs/production/latest/wme-sdk-typings.tgz",
      "integrity": "sha512-Ww5Zyru0kZ6yHaMEEC2xxEKAwNuWl1MlQVUIWvAXos9hStdPVKmO/bMOOc6McoJgecN9cI5S+BDGd/LvRq1KaQ==",
      "dev": true,
      "license": "UNLICENSED",
      "peerDependencies": {
        "@types/geojson": "^7946.0.14"
      }
    }
  }
}
